
Microsoft Visual Studio Solution File, Format Version 12.00
# Visual Studio Version 16
VisualStudioVersion = 16.0.31105.61
MinimumVisualStudioVersion = 10.0.40219.1
Project("{FAE04EC0-301F-11D3-BF4B-00C04F79EFBC}") = "HomeWorkAl7", "HomeWorkAl7\HomeWorkAl7.csproj", "{969A7E6C-888B-48C4-BF45-0D5ACACC797C}"
EndProject
Global
	GlobalSection(SolutionConfigurationPlatforms) = preSolution
		Debug|Any CPU = Debug|Any CPU
		Release|Any CPU = Release|Any CPU
	EndGlobalSection
	GlobalSection(ProjectConfigurationPlatforms) = postSolution
		{969A7E6C-888B-48C4-BF45-0D5ACACC797C}.Debug|Any CPU.ActiveCfg = Debug|Any CPU
		{969A7E6C-888B-48C4-BF45-0D5ACACC797C}.Debug|Any CPU.Build.0 = Debug|Any CPU
		{969A7E6C-888B-48C4-BF45-0D5ACACC797C}.Release|Any CPU.ActiveCfg = Release|Any CPU
		{969A7E6C-888B-48C4-BF45-0D5ACACC797C}.Release|Any CPU.Build.0 = Release|Any CPU
	EndGlobalSection
	GlobalSection(SolutionProperties) = preSolution
		HideSolutionNode = FALSE
	EndGlobalSection
	GlobalSection(ExtensibilityGlobals) = postSolution
		SolutionGuid = {7BF54793-1A9D-4353-9BBC-4D42E7CF1ED9}
	EndGlobalSection
EndGlobal
